
Microsoft Visual Studio Solution File, Format Version 12.00
# Visual Studio 15
Project("{FAE04EC0-301F-11D3-BF4B-00C04F79EFBC}") = "Assembly-CSharp", "Assembly-CSharp.csproj", "{C31FDBCA-A9CE-8067-D943-81A88A43DDE5}"
EndProject
Project("{FAE04EC0-301F-11D3-BF4B-00C04F79EFBC}") = "AimingRig", "AimingRig.csproj", "{423B2DDE-C3D3-C128-17CC-2D813001B7CB}"
EndProject
Global
	GlobalSection(SolutionConfigurationPlatforms) = preSolution
		Debug|Any CPU = Debug|Any CPU
		Release|Any CPU = Release|Any CPU
	EndGlobalSection
	GlobalSection(ProjectConfigurationPlatforms) = postSolution
		{C31FDBCA-A9CE-8067-D943-81A88A43DDE5}.Debug|Any CPU.ActiveCfg = Debug|Any CPU
		{C31FDBCA-A9CE-8067-D943-81A88A43DDE5}.Debug|Any CPU.Build.0 = Debug|Any CPU
		{C31FDBCA-A9CE-8067-D943-81A88A43DDE5}.Release|Any CPU.ActiveCfg = Release|Any CPU
		{C31FDBCA-A9CE-8067-D943-81A88A43DDE5}.Release|Any CPU.Build.0 = Release|Any CPU
		{423B2DDE-C3D3-C128-17CC-2D813001B7CB}.Debug|Any CPU.ActiveCfg = Debug|Any CPU
		{423B2DDE-C3D3-C128-17CC-2D813001B7CB}.Debug|Any CPU.Build.0 = Debug|Any CPU
		{423B2DDE-C3D3-C128-17CC-2D813001B7CB}.Release|Any CPU.ActiveCfg = Release|Any CPU
		{423B2DDE-C3D3-C128-17CC-2D813001B7CB}.Release|Any CPU.Build.0 = Release|Any CPU
	EndGlobalSection
	GlobalSection(SolutionProperties) = preSolution
		HideSolutionNode = FALSE
	EndGlobalSection
EndGlobal
